
Microsoft Visual Studio Solution File, Format Version 12.00
# Visual Studio 15
VisualStudioVersion = 15.0.27703.2000
MinimumVisualStudioVersion = 10.0.40219.1
Project("{FAE04EC0-301F-11D3-BF4B-00C04F79EFBC}") = "MiniConfig", "MiniConfig\MiniConfig.csproj", "{FC2A07B4-1246-423B-99A1-3C8323CFBF04}"
EndProject
Global
	GlobalSection(SolutionConfigurationPlatforms) = preSolution
		Debug|Any CPU = Debug|Any CPU
		Release|Any CPU = Release|Any CPU
	EndGlobalSection
	GlobalSection(ProjectConfigurationPlatforms) = postSolution
		{FC2A07B4-1246-423B-99A1-3C8323CFBF04}.Debug|Any CPU.ActiveCfg = Debug|Any CPU
		{FC2A07B4-1246-423B-99A1-3C8323CFBF04}.Debug|Any CPU.Build.0 = Debug|Any CPU
		{FC2A07B4-1246-423B-99A1-3C8323CFBF04}.Release|Any CPU.ActiveCfg = Release|Any CPU
		{FC2A07B4-1246-423B-99A1-3C8323CFBF04}.Release|Any CPU.Build.0 = Release|Any CPU
	EndGlobalSection
	GlobalSection(SolutionProperties) = preSolution
		HideSolutionNode = FALSE
	EndGlobalSection
	GlobalSection(ExtensibilityGlobals) = postSolution
		SolutionGuid = {E8332E21-E958-4625-AC0A-2372CECC5A54}
	EndGlobalSection
EndGlobal
